{
  "name": "parser",
  "version": "1.0.0",
  "lockfileVersion": 1,
  "requires": true,
  "dependencies": {
    "dependency-graph": {
      "version": "0.7.0",
      "resolved": "https://registry.npmjs.org/dependency-graph/-/dependency-graph-0.7.0.tgz",
      "integrity": "sha512-QzVBbA603vbxF1SMvYmGbE9ZXl+ggb+2SbHvIeOw0w753lgbXC2bZOnCmvG9qr+zlrKK/E0rqtCXOfrRGKH4/Q=="
    },
    "elementtree": {
      "version": "0.1.7",
      "resolved": "https://registry.npmjs.org/elementtree/-/elementtree-0.1.7.tgz",
      "integrity": "sha1-mskb5uUvtuYkTE5UpKw+2K6OKcA=",
      "requires": {
        "sax": "1.1.4"
      },
      "dependencies": {
        "sax": {
          "version": "1.1.4",
          "resolved": "https://registry.npmjs.org/sax/-/sax-1.1.4.tgz",
          "integrity": "sha1-dLbTPJrh4AFRDxeakRaFiPGu2qk="
        }
      }
    },
    "fs": {
      "version": "0.0.1-security",
      "resolved": "https://registry.npmjs.org/fs/-/fs-0.0.1-security.tgz",
      "integrity": "sha1-invTcYa23d84E/I4WLV+yq9eQdQ="
    }
  }
}
